// !$*UTF8*$!
{
	archiveVersion = 1;
	classes = {
	};
	objectVersion = 46;
	objects = {

/* Begin PBXBuildFile section */
		C3423F821FB6441A00424EF2 /* States.cpp in Sources */ = {isa = PBXBuildFile; fileRef = C3423F801FB6441A00424EF2 /* States.cpp */; };
		C3423F851FB77B4F00424EF2 /* Tools.cpp in Sources */ = {isa = PBXBuildFile; fileRef = C3423F831FB77B4F00424EF2 /* Tools.cpp */; };
		C382682B1FB5856500BE4520 /* Control.cpp in Sources */ = {isa = PBXBuildFile; fileRef = C38268291FB5856500BE4520 /* Control.cpp */; };
		C382682E1FB5873600BE4520 /* StateMachine.cpp in Sources */ = {isa = PBXBuildFile; fileRef = C382682C1FB5873600BE4520 /* StateMachine.cpp */; };
		C3F9B54B1FB54FD000A2944D /* ResourcePath.mm in Sources */ = {isa = PBXBuildFile; fileRef = C3F9B54A1FB54FD000A2944D /* ResourcePath.mm */; };
		C3F9B54E1FB54FD000A2944D /* main.cpp in Sources */ = {isa = PBXBuildFile; fileRef = C3F9B54D1FB54FD000A2944D /* main.cpp */; };
/* End PBXBuildFile section */

/* Begin PBXFileReference section */
		C3423F801FB6441A00424EF2 /* States.cpp */ = {isa = PBXFileReference; fileEncoding = 4; lastKnownFileType = sourcecode.cpp.cpp; path = States.cpp; sourceTree = "<group>"; };
		C3423F811FB6441A00424EF2 /* States.hpp */ = {isa = PBXFileReference; fileEncoding = 4; lastKnownFileType = sourcecode.cpp.h; path = States.hpp; sourceTree = "<group>"; };
		C3423F831FB77B4F00424EF2 /* Tools.cpp */ = {isa = PBXFileReference; fileEncoding = 4; lastKnownFileType = sourcecode.cpp.cpp; path = Tools.cpp; sourceTree = "<group>"; };
		C3423F841FB77B4F00424EF2 /* Tools.hpp */ = {isa = PBXFileReference; fileEncoding = 4; lastKnownFileType = sourcecode.cpp.h; path = Tools.hpp; sourceTree = "<group>"; };
		C38268291FB5856500BE4520 /* Control.cpp */ = {isa = PBXFileReference; fileEncoding = 4; lastKnownFileType = sourcecode.cpp.cpp; path = Control.cpp; sourceTree = "<group>"; };
		C382682A1FB5856500BE4520 /* Control.hpp */ = {isa = PBXFileReference; fileEncoding = 4; lastKnownFileType = sourcecode.cpp.h; path = Control.hpp; sourceTree = "<group>"; };
		C382682C1FB5873600BE4520 /* StateMachine.cpp */ = {isa = PBXFileReference; fileEncoding = 4; lastKnownFileType = sourcecode.cpp.cpp; path = StateMachine.cpp; sourceTree = "<group>"; };
		C382682D1FB5873600BE4520 /* StateMachine.hpp */ = {isa = PBXFileReference; fileEncoding = 4; lastKnownFileType = sourcecode.cpp.h; path = StateMachine.hpp; sourceTree = "<group>"; };
		C3F9B5451FB54FD000A2944D /* ProjectRuby.app */ = {isa = PBXFileReference; explicitFileType = wrapper.application; includeInIndex = 0; path = ProjectRuby.app; sourceTree = BUILT_PRODUCTS_DIR; };
		C3F9B5491FB54FD000A2944D /* ProjectRuby-Info.plist */ = {isa = PBXFileReference; lastKnownFileType = text.plist.xml; path = "ProjectRuby-Info.plist"; sourceTree = "<group>"; };
		C3F9B54A1FB54FD000A2944D /* ResourcePath.mm */ = {isa = PBXFileReference; lastKnownFileType = sourcecode.cpp.objcpp; path = ResourcePath.mm; sourceTree = "<group>"; };
		C3F9B54C1FB54FD000A2944D /* ResourcePath.hpp */ = {isa = PBXFileReference; lastKnownFileType = sourcecode.cpp.h; path = ResourcePath.hpp; sourceTree = "<group>"; };
		C3F9B54D1FB54FD000A2944D /* main.cpp */ = {isa = PBXFileReference; lastKnownFileType = sourcecode.cpp.cpp; path = main.cpp; sourceTree = "<group>"; };
/* End PBXFileReference section */

/* Begin PBXFrameworksBuildPhase section */
		C3F9B5411FB54FD000A2944D /* Frameworks */ = {
			isa = PBXFrameworksBuildPhase;
			buildActionMask = 2147483647;
			files = (
			);
			runOnlyForDeploymentPostprocessing = 0;
		};
/* End PBXFrameworksBuildPhase section */

/* Begin PBXGroup section */
		C3F9B53B1FB54FD000A2944D = {
			isa = PBXGroup;
			children = (
				C3F9B5471FB54FD000A2944D /* ProjectRuby */,
				C3F9B5461FB54FD000A2944D /* Products */,
			);
			sourceTree = "<group>";
		};
		C3F9B5461FB54FD000A2944D /* Products */ = {
			isa = PBXGroup;
			children = (
				C3F9B5451FB54FD000A2944D /* ProjectRuby.app */,
			);
			name = Products;
			sourceTree = "<group>";
		};
		C3F9B5471FB54FD000A2944D /* ProjectRuby */ = {
			isa = PBXGroup;
			children = (
				C3F9B54A1FB54FD000A2944D /* ResourcePath.mm */,
				C3F9B54C1FB54FD000A2944D /* ResourcePath.hpp */,
				C3F9B54D1FB54FD000A2944D /* main.cpp */,
				C38268291FB5856500BE4520 /* Control.cpp */,
				C382682C1FB5873600BE4520 /* StateMachine.cpp */,
				C382682D1FB5873600BE4520 /* StateMachine.hpp */,
				C382682A1FB5856500BE4520 /* Control.hpp */,
				C3F9B54F1FB54FD000A2944D /* Resources */,
				C3F9B5481FB54FD000A2944D /* Supporting Files */,
				C3423F801FB6441A00424EF2 /* States.cpp */,
				C3423F811FB6441A00424EF2 /* States.hpp */,
				C3423F831FB77B4F00424EF2 /* Tools.cpp */,
				C3423F841FB77B4F00424EF2 /* Tools.hpp */,
			);
			path = ProjectRuby;
			sourceTree = "<group>";
		};
		C3F9B5481FB54FD000A2944D /* Supporting Files */ = {
			isa = PBXGroup;
			children = (
				C3F9B5491FB54FD000A2944D /* ProjectRuby-Info.plist */,
			);
			name = "Supporting Files";
			sourceTree = "<group>";
		};
		C3F9B54F1FB54FD000A2944D /* Resources */ = {
			isa = PBXGroup;
			children = (
			);
			name = Resources;
			sourceTree = "<group>";
		};
/* End PBXGroup section */

/* Begin PBXNativeTarget section */
		C3F9B5441FB54FD000A2944D /* ProjectRuby */ = {
			isa = PBXNativeTarget;
			buildConfigurationList = C3F9B55A1FB54FD000A2944D /* Build configuration list for PBXNativeTarget "ProjectRuby" */;
			buildPhases = (
				C3F9B5401FB54FD000A2944D /* Sources */,
				C3F9B5411FB54FD000A2944D /* Frameworks */,
				C3F9B5421FB54FD000A2944D /* Resources */,
				C3F9B5431FB54FD000A2944D /* ShellScript */,
			);
			buildRules = (
			);
			dependencies = (
			);
			name = ProjectRuby;
			productName = ProjectRuby;
			productReference = C3F9B5451FB54FD000A2944D /* ProjectRuby.app */;
			productType = "com.apple.product-type.application";
		};
/* End PBXNativeTarget section */

/* Begin PBXProject section */
		C3F9B53C1FB54FD000A2944D /* Project object */ = {
			isa = PBXProject;
			attributes = {
				LastUpgradeCheck = 0830;
				ORGANIZATIONNAME = "Cody Kelly";
				TargetAttributes = {
					C3F9B5441FB54FD000A2944D = {
						CreatedOnToolsVersion = 8.3.3;
						ProvisioningStyle = Automatic;
					};
				};
			};
			buildConfigurationList = C3F9B53F1FB54FD000A2944D /* Build configuration list for PBXProject "ProjectRuby" */;
			compatibilityVersion = "Xcode 3.2";
			developmentRegion = English;
			hasScannedForEncodings = 0;
			knownRegions = (
				en,
			);
			mainGroup = C3F9B53B1FB54FD000A2944D;
			productRefGroup = C3F9B5461FB54FD000A2944D /* Products */;
			projectDirPath = "";
			projectRoot = "";
			targets = (
				C3F9B5441FB54FD000A2944D /* ProjectRuby */,
			);
		};
/* End PBXProject section */

/* Begin PBXResourcesBuildPhase section */
		C3F9B5421FB54FD000A2944D /* Resources */ = {
			isa = PBXResourcesBuildPhase;
			buildActionMask = 2147483647;
			files = (
			);
			runOnlyForDeploymentPostprocessing = 0;
		};
/* End PBXResourcesBuildPhase section */

/* Begin PBXShellScriptBuildPhase section */
		C3F9B5431FB54FD000A2944D /* ShellScript */ = {
			isa = PBXShellScriptBuildPhase;
			buildActionMask = 2147483647;
			files = (
			);
			inputPaths = (
			);
			outputPaths = (
			);
			runOnlyForDeploymentPostprocessing = 0;
			shellPath = /bin/sh;
			shellScript = "# This shell script simply copies required SFML dylibs/frameworks into the application bundle frameworks folder.\n# If you're using static libraries (which is not recommended) you should remove this script from your project.\n\n# SETTINGS\nCMAKE_INSTALL_FRAMEWORK_PREFIX=\"/Library/Frameworks\"\nCMAKE_INSTALL_LIB_PREFIX=\"/usr/local/lib\"\nFRAMEWORKS_FULL_PATH=\"$BUILT_PRODUCTS_DIR/$FRAMEWORKS_FOLDER_PATH/\"\n\n# Are we building a project that uses frameworks or dylibs?\ncase \"$SFML_BINARY_TYPE\" in\n    DYLIBS)\n        frameworks=\"false\"\n        ;;\n    *)\n        frameworks=\"true\"\n        ;;\nesac\n\n# Echoes to stderr\nerror () # $* message to display\n{\n    echo $* 1>&2\n    exit 2\n}\n\nassert () # $1 is a boolean, $2...N is an error message\n{\n    if [ $# -lt 2 ]\n    then\n        error \"Internal error in assert: not enough args\"\n    fi\n\n    if [ $1 -ne 0 ]\n    then\n        shift\n        error \"$*\"\n    fi\n}\n\nforce_remove () # $@ is some paths\n{\n    test $# -ge 1\n    assert $? \"force_remove() requires at least one parameter\"\n    rm -fr $@\n    assert $? \"couldn't remove $@\"\n}\n\ncopy () # $1 is a source, $2 is a destination\n{\n    test $# -eq 2\n    assert $? \"copy() requires two parameters\"\n    ditto \"$1\" \"$2\"\n    assert $? \"couldn't copy $1 to $2\"\n}\n\nrequire () # $1 is a SFML module like 'system' or 'audio'\n{\n    dest=\"$BUILT_PRODUCTS_DIR/$FRAMEWORKS_FOLDER_PATH/\"\n\n    if [ -z \"$1\" ]\n    then\n        error \"require() requires one parameter!\"\n    else\n        # clean potentially old stuff\n        force_remove \"$dest/libsfml-$1\"*\n        force_remove \"$dest/sfml-$1.framework\"\n\n        # copy SFML libraries\n        if [ \"$frameworks\" = \"true\" ]\n        then\n            source=\"$CMAKE_INSTALL_FRAMEWORK_PREFIX/sfml-$1.framework\"\n            target=\"sfml-$1.framework\"\n        elif [ \"$SFML_LINK_DYLIBS_SUFFIX\" = \"-d\" ]\n        then\n            source=\"$CMAKE_INSTALL_LIB_PREFIX/libsfml-$1-d.dylib\"\n            target=\"`readlink $source`\"\n        else\n            source=\"$CMAKE_INSTALL_LIB_PREFIX/libsfml-$1.dylib\"\n            target=\"`readlink $source`\"\n        fi\n\n        copy \"$source\" \"$dest/$target\"\n\n        # copy extra dependencies\n        if [ \"$1\" = \"audio\" ]\n        then\n            # copy \"FLAC\" \"ogg\" \"vorbis\" \"vorbisenc\" \"vorbisfile\" \"OpenAL\" frameworks too\n            for f in \"FLAC\" \"ogg\" \"vorbis\" \"vorbisenc\" \"vorbisfile\" \"OpenAL\"\n            do\n                copy \"$CMAKE_INSTALL_FRAMEWORK_PREFIX/$f.framework\" \"$dest/$f.framework\"\n            done\n        elif [ \"$1\" = \"graphics\" ]\n        then\n            copy \"$CMAKE_INSTALL_FRAMEWORK_PREFIX/freetype.framework\" \"$dest/freetype.framework\"\n        fi\n    fi\n}\n\nif [ -n \"$SFML_SYSTEM\" ]\nthen\n    require \"system\"\nfi\n\nif [ -n \"$SFML_AUDIO\" ]\nthen\n    require \"audio\"\nfi\n\nif [ -n \"$SFML_NETWORK\" ]\nthen\n    require \"network\"\nfi\n\nif [ -n \"$SFML_WINDOW\" ]\nthen\n    require \"window\"\nfi\n\nif [ -n \"$SFML_GRAPHICS\" ]\nthen\n    require \"graphics\"\nfi\n\n                ";
		};
/* End PBXShellScriptBuildPhase section */

/* Begin PBXSourcesBuildPhase section */
		C3F9B5401FB54FD000A2944D /* Sources */ = {
			isa = PBXSourcesBuildPhase;
			buildActionMask = 2147483647;
			files = (
				C3F9B54E1FB54FD000A2944D /* main.cpp in Sources */,
				C3F9B54B1FB54FD000A2944D /* ResourcePath.mm in Sources */,
				C382682B1FB5856500BE4520 /* Control.cpp in Sources */,
				C3423F851FB77B4F00424EF2 /* Tools.cpp in Sources */,
				C3423F821FB6441A00424EF2 /* States.cpp in Sources */,
				C382682E1FB5873600BE4520 /* StateMachine.cpp in Sources */,
			);
			runOnlyForDeploymentPostprocessing = 0;
		};
/* End PBXSourcesBuildPhase section */

/* Begin XCBuildConfiguration section */
		C3F9B5581FB54FD000A2944D /* Debug */ = {
			isa = XCBuildConfiguration;
			buildSettings = {
				ARCHS = "$(NATIVE_ARCH_ACTUAL)";
				CLANG_CXX_LANGUAGE_STANDARD = "c++0x";
				CLANG_CXX_LIBRARY = "libc++";
				FRAMEWORK_SEARCH_PATHS = (
					/Library/Frameworks/,
					"$(inherited)",
				);
				GCC_VERSION = com.apple.compilers.llvm.clang.1_0;
				HEADER_SEARCH_PATHS = (
					/usr/local/include/,
					"$(inherited)",
				);
				LIBRARY_SEARCH_PATHS = (
					/usr/local/lib/,
					"$(inherited)",
				);
				MACOSX_DEPLOYMENT_TARGET = 10.7;
				OTHER_LDFLAGS = (
					"$(inherited)",
					"$(SFML_SYSTEM)",
					"$(SFML_WINDOW)",
					"$(SFML_GRAPHICS)",
					"$(SFML_AUDIO)",
					"$(SFML_NETWORK)",
				);
				SFML_AUDIO = "$(SFML_LINK_PREFIX) sfml-audio$(SFML_LINK_SUFFIX)";
				SFML_BINARY_TYPE = FRAMEWORKS;
				SFML_GRAPHICS = "$(SFML_LINK_PREFIX) sfml-graphics$(SFML_LINK_SUFFIX)";
				SFML_LINK_DYLIBS_PREFIX = "-l";
				SFML_LINK_DYLIBS_SUFFIX = "";
				SFML_LINK_FRAMEWORKS_PREFIX = "-framework";
				SFML_LINK_FRAMEWORKS_SUFFIX = "";
				SFML_LINK_PREFIX = "$(SFML_LINK_$(SFML_BINARY_TYPE)_PREFIX)";
				SFML_LINK_SUFFIX = "$(SFML_LINK_$(SFML_BINARY_TYPE)_SUFFIX)";
				SFML_NETWORK = "$(SFML_LINK_PREFIX) sfml-network$(SFML_LINK_SUFFIX)";
				SFML_SYSTEM = "$(SFML_LINK_PREFIX) sfml-system$(SFML_LINK_SUFFIX)";
				SFML_WINDOW = "$(SFML_LINK_PREFIX) sfml-window$(SFML_LINK_SUFFIX)";
				SUPPORTED_PLATFORMS = macosx;
			};
			name = Debug;
		};
		C3F9B5591FB54FD000A2944D /* Release */ = {
			isa = XCBuildConfiguration;
			buildSettings = {
				ARCHS = "$(NATIVE_ARCH_ACTUAL)";
				CLANG_CXX_LANGUAGE_STANDARD = "c++0x";
				CLANG_CXX_LIBRARY = "libc++";
				FRAMEWORK_SEARCH_PATHS = (
					/Library/Frameworks/,
					"$(inherited)",
				);
				GCC_VERSION = com.apple.compilers.llvm.clang.1_0;
				HEADER_SEARCH_PATHS = (
					/usr/local/include/,
					"$(inherited)",
				);
				LIBRARY_SEARCH_PATHS = (
					/usr/local/lib/,
					"$(inherited)",
				);
				MACOSX_DEPLOYMENT_TARGET = 10.7;
				OTHER_LDFLAGS = (
					"$(inherited)",
					"$(SFML_SYSTEM)",
					"$(SFML_WINDOW)",
					"$(SFML_GRAPHICS)",
					"$(SFML_AUDIO)",
					"$(SFML_NETWORK)",
				);
				SFML_AUDIO = "$(SFML_LINK_PREFIX) sfml-audio$(SFML_LINK_SUFFIX)";
				SFML_BINARY_TYPE = FRAMEWORKS;
				SFML_GRAPHICS = "$(SFML_LINK_PREFIX) sfml-graphics$(SFML_LINK_SUFFIX)";
				SFML_LINK_DYLIBS_PREFIX = "-l";
				SFML_LINK_DYLIBS_SUFFIX = "";
				SFML_LINK_FRAMEWORKS_PREFIX = "-framework";
				SFML_LINK_FRAMEWORKS_SUFFIX = "";
				SFML_LINK_PREFIX = "$(SFML_LINK_$(SFML_BINARY_TYPE)_PREFIX)";
				SFML_LINK_SUFFIX = "$(SFML_LINK_$(SFML_BINARY_TYPE)_SUFFIX)";
				SFML_NETWORK = "$(SFML_LINK_PREFIX) sfml-network$(SFML_LINK_SUFFIX)";
				SFML_SYSTEM = "$(SFML_LINK_PREFIX) sfml-system$(SFML_LINK_SUFFIX)";
				SFML_WINDOW = "$(SFML_LINK_PREFIX) sfml-window$(SFML_LINK_SUFFIX)";
				SUPPORTED_PLATFORMS = macosx;
			};
			name = Release;
		};
		C3F9B55B1FB54FD000A2944D /* Debug */ = {
			isa = XCBuildConfiguration;
			buildSettings = {
				INFOPLIST_FILE = "ProjectRuby/ProjectRuby-Info.plist";
				LD_RUNPATH_SEARCH_PATHS = "@loader_path/../Frameworks";
				PRODUCT_NAME = "$(TARGET_NAME)";
			};
			name = Debug;
		};
		C3F9B55C1FB54FD000A2944D /* Release */ = {
			isa = XCBuildConfiguration;
			buildSettings = {
				INFOPLIST_FILE = "ProjectRuby/ProjectRuby-Info.plist";
				LD_RUNPATH_SEARCH_PATHS = "@loader_path/../Frameworks";
				PRODUCT_NAME = "$(TARGET_NAME)";
			};
			name = Release;
		};
/* End XCBuildConfiguration section */

/* Begin XCConfigurationList section */
		C3F9B53F1FB54FD000A2944D /* Build configuration list for PBXProject "ProjectRuby" */ = {
			isa = XCConfigurationList;
			buildConfigurations = (
				C3F9B5581FB54FD000A2944D /* Debug */,
				C3F9B5591FB54FD000A2944D /* Release */,
			);
			defaultConfigurationIsVisible = 0;
			defaultConfigurationName = Release;
		};
		C3F9B55A1FB54FD000A2944D /* Build configuration list for PBXNativeTarget "ProjectRuby" */ = {
			isa = XCConfigurationList;
			buildConfigurations = (
				C3F9B55B1FB54FD000A2944D /* Debug */,
				C3F9B55C1FB54FD000A2944D /* Release */,
			);
			defaultConfigurationIsVisible = 0;
			defaultConfigurationName = Release;
		};
/* End XCConfigurationList section */
	};
	rootObject = C3F9B53C1FB54FD000A2944D /* Project object */;
}
